
Microsoft Visual Studio Solution File, Format Version 12.00
# Visual Studio Version 16
VisualStudioVersion = 16.0.29411.108
MinimumVisualStudioVersion = 10.0.40219.1
Project("{FAE04EC0-301F-11D3-BF4B-00C04F79EFBC}") = "FoodVendorYVR", "FoodVendorYVR\FoodVendorYVR.csproj", "{1E18B167-A526-4E35-9502-C5B92D0D4532}"
EndProject
Global
	GlobalSection(SolutionConfigurationPlatforms) = preSolution
		Debug|Any CPU = Debug|Any CPU
		Release|Any CPU = Release|Any CPU
	EndGlobalSection
	GlobalSection(ProjectConfigurationPlatforms) = postSolution
		{1E18B167-A526-4E35-9502-C5B92D0D4532}.Debug|Any CPU.ActiveCfg = Debug|Any CPU
		{1E18B167-A526-4E35-9502-C5B92D0D4532}.Debug|Any CPU.Build.0 = Debug|Any CPU
		{1E18B167-A526-4E35-9502-C5B92D0D4532}.Release|Any CPU.ActiveCfg = Release|Any CPU
		{1E18B167-A526-4E35-9502-C5B92D0D4532}.Release|Any CPU.Build.0 = Release|Any CPU
	EndGlobalSection
	GlobalSection(SolutionProperties) = preSolution
		HideSolutionNode = FALSE
	EndGlobalSection
	GlobalSection(ExtensibilityGlobals) = postSolution
		SolutionGuid = {35427E2C-E681-4D1D-9959-9F17374CD0DE}
	EndGlobalSection
EndGlobal
